
Microsoft Visual Studio Solution File, Format Version 12.00
# Visual Studio Version 17
VisualStudioVersion = 17.11.35303.130
MinimumVisualStudioVersion = 10.0.40219.1
Project("{9A19103F-16F7-4668-BE54-9A1E7A4F7556}") = "ConbinatorikaRazor", "ConbinatorikaRazor.csproj", "{974C7461-D450-4207-8508-75181EE62F90}"
EndProject
Global
	GlobalSection(SolutionConfigurationPlatforms) = preSolution
		Debug|Any CPU = Debug|Any CPU
		Release|Any CPU = Release|Any CPU
	EndGlobalSection
	GlobalSection(ProjectConfigurationPlatforms) = postSolution
		{974C7461-D450-4207-8508-75181EE62F90}.Debug|Any CPU.ActiveCfg = Debug|Any CPU
		{974C7461-D450-4207-8508-75181EE62F90}.Debug|Any CPU.Build.0 = Debug|Any CPU
		{974C7461-D450-4207-8508-75181EE62F90}.Debug|Any CPU.Deploy.0 = Debug|Any CPU
		{974C7461-D450-4207-8508-75181EE62F90}.Release|Any CPU.ActiveCfg = Release|Any CPU
		{974C7461-D450-4207-8508-75181EE62F90}.Release|Any CPU.Build.0 = Release|Any CPU
		{974C7461-D450-4207-8508-75181EE62F90}.Release|Any CPU.Deploy.0 = Release|Any CPU
	EndGlobalSection
	GlobalSection(SolutionProperties) = preSolution
		HideSolutionNode = FALSE
	EndGlobalSection
	GlobalSection(ExtensibilityGlobals) = postSolution
		SolutionGuid = {EBC499CD-F13A-4C33-9C93-A2DC2D70826B}
	EndGlobalSection
EndGlobal
